
Microsoft Visual Studio Solution File, Format Version 12.00
# Visual Studio Version 17
VisualStudioVersion = 17.3.32825.248
MinimumVisualStudioVersion = 10.0.40219.1
Project("{FAE04EC0-301F-11D3-BF4B-00C04F79EFBC}") = "MySQL_InventoryManagerApp", "MySQL_InventoryManagerApp\MySQL_InventoryManagerApp.csproj", "{E6AE83B2-69D3-4EE7-94FD-FF5B37B1E25F}"
EndProject
Global
	GlobalSection(SolutionConfigurationPlatforms) = preSolution
		Debug|Any CPU = Debug|Any CPU
		Release|Any CPU = Release|Any CPU
	EndGlobalSection
	GlobalSection(ProjectConfigurationPlatforms) = postSolution
		{E6AE83B2-69D3-4EE7-94FD-FF5B37B1E25F}.Debug|Any CPU.ActiveCfg = Debug|Any CPU
		{E6AE83B2-69D3-4EE7-94FD-FF5B37B1E25F}.Debug|Any CPU.Build.0 = Debug|Any CPU
		{E6AE83B2-69D3-4EE7-94FD-FF5B37B1E25F}.Release|Any CPU.ActiveCfg = Release|Any CPU
		{E6AE83B2-69D3-4EE7-94FD-FF5B37B1E25F}.Release|Any CPU.Build.0 = Release|Any CPU
	EndGlobalSection
	GlobalSection(SolutionProperties) = preSolution
		HideSolutionNode = FALSE
	EndGlobalSection
	GlobalSection(ExtensibilityGlobals) = postSolution
		SolutionGuid = {6B6391A3-5ABD-4928-9A32-4D5B456451E6}
	EndGlobalSection
EndGlobal
